{
  "name": "Website",
  "lockfileVersion": 3,
  "requires": true,
  "packages": {
    "": {
      "dependencies": {
        "next.js": "^1.0.3",
        "openai": "^5.0.2"
      }
    },
    "node_modules/next.js": {
      "version": "1.0.3",
      "resolved": "https://registry.npmjs.org/next.js/-/next.js-1.0.3.tgz",
      "integrity": "sha512-nosnT7Jh4ML3kzwG9MPW+SfBKuHoZEMcCWw5kxwMYXoxnADGzIxWl+TdDMcEZP6Xl/t8m/5uyVlA9SBkH2oh/w=="
    },
    "node_modules/openai": {
      "version": "5.0.2",
      "resolved": "https://registry.npmjs.org/openai/-/openai-5.0.2.tgz",
      "integrity": "sha512-NN7LAAImgBmd4RIe6WyRpLmwCbn+HQ1iaXeIG7K9DM3Auy/G2waKFhrDfRgaEeY0UUPnm6nohaCsqcS+zO8+2g==",
      "license": "Apache-2.0",
      "bin": {
        "openai": "bin/cli"
      },
      "peerDependencies": {
        "ws": "^8.18.0",
        "zod": "^3.23.8"
      },
      "peerDependenciesMeta": {
        "ws": {
          "optional": true
        },
        "zod": {
          "optional": true
        }
      }
    }
  }
}
